
Microsoft Visual Studio Solution File, Format Version 12.00
# Visual Studio Version 17
VisualStudioVersion = 17.6.33829.357
MinimumVisualStudioVersion = 10.0.40219.1
Project("{FAE04EC0-301F-11D3-BF4B-00C04F79EFBC}") = "PeanutGoBoom", "PeanutGoBoom\PeanutGoBoom.csproj", "{2BFFEF33-5DAB-45FE-A05D-FFB6BEB2DE73}"
EndProject
Global
	GlobalSection(SolutionConfigurationPlatforms) = preSolution
		Debug|Any CPU = Debug|Any CPU
		Release|Any CPU = Release|Any CPU
	EndGlobalSection
	GlobalSection(ProjectConfigurationPlatforms) = postSolution
		{2BFFEF33-5DAB-45FE-A05D-FFB6BEB2DE73}.Debug|Any CPU.ActiveCfg = Debug|Any CPU
		{2BFFEF33-5DAB-45FE-A05D-FFB6BEB2DE73}.Debug|Any CPU.Build.0 = Debug|Any CPU
		{2BFFEF33-5DAB-45FE-A05D-FFB6BEB2DE73}.Release|Any CPU.ActiveCfg = Release|Any CPU
		{2BFFEF33-5DAB-45FE-A05D-FFB6BEB2DE73}.Release|Any CPU.Build.0 = Release|Any CPU
	EndGlobalSection
	GlobalSection(SolutionProperties) = preSolution
		HideSolutionNode = FALSE
	EndGlobalSection
	GlobalSection(ExtensibilityGlobals) = postSolution
		SolutionGuid = {300EBABD-65B4-44E9-BF2A-C0B38D6BF80E}
	EndGlobalSection
EndGlobal
